
Microsoft Visual Studio Solution File, Format Version 12.00
# Visual Studio Version 17
VisualStudioVersion = 17.2.32630.192
MinimumVisualStudioVersion = 10.0.40219.1
Project("{FAE04EC0-301F-11D3-BF4B-00C04F79EFBC}") = "TheOmenDen.Shared.EfCore", "TheOmenDen.Shared.EfCore\TheOmenDen.Shared.EfCore.csproj", "{FED9CC1B-DD44-450E-9480-8D675B7F20EC}"
EndProject
Global
	GlobalSection(SolutionConfigurationPlatforms) = preSolution
		Debug|Any CPU = Debug|Any CPU
		Release|Any CPU = Release|Any CPU
	EndGlobalSection
	GlobalSection(ProjectConfigurationPlatforms) = postSolution
		{FED9CC1B-DD44-450E-9480-8D675B7F20EC}.Debug|Any CPU.ActiveCfg = Debug|Any CPU
		{FED9CC1B-DD44-450E-9480-8D675B7F20EC}.Debug|Any CPU.Build.0 = Debug|Any CPU
		{FED9CC1B-DD44-450E-9480-8D675B7F20EC}.Release|Any CPU.ActiveCfg = Release|Any CPU
		{FED9CC1B-DD44-450E-9480-8D675B7F20EC}.Release|Any CPU.Build.0 = Release|Any CPU
	EndGlobalSection
	GlobalSection(SolutionProperties) = preSolution
		HideSolutionNode = FALSE
	EndGlobalSection
	GlobalSection(ExtensibilityGlobals) = postSolution
		SolutionGuid = {3DCEBAF9-0D44-49D1-B779-9E1380FB5FC5}
	EndGlobalSection
EndGlobal
